
Microsoft Visual Studio Solution File, Format Version 12.00
# Visual Studio 15
VisualStudioVersion = 15.0.27130.2010
MinimumVisualStudioVersion = 10.0.40219.1
Project("{FAE04EC0-301F-11D3-BF4B-00C04F79EFBC}") = "AnimationDemo.Android", "AnimationDemo\AnimationDemo.Android\AnimationDemo.Android.csproj", "{0BD27FBF-8B37-45F9-8F65-13D47610DC03}"
EndProject
Project("{FAE04EC0-301F-11D3-BF4B-00C04F79EFBC}") = "AnimationDemo.iOS", "AnimationDemo\AnimationDemo.iOS\AnimationDemo.iOS.csproj", "{F629BA28-E7A8-4405-8DE9-7036C4EF6998}"
EndProject
Project("{FAE04EC0-301F-11D3-BF4B-00C04F79EFBC}") = "AnimationDemo", "AnimationDemo\AnimationDemo\AnimationDemo.csproj", "{F613AE71-CF76-4EA8-9CEF-64637B9E17C9}"
EndProject
Global
	GlobalSection(SolutionConfigurationPlatforms) = preSolution
		Ad-Hoc|Any CPU = Ad-Hoc|Any CPU
		Ad-Hoc|iPhone = Ad-Hoc|iPhone
		Ad-Hoc|iPhoneSimulator = Ad-Hoc|iPhoneSimulator
		AppStore|Any CPU = AppStore|Any CPU
		AppStore|iPhone = AppStore|iPhone
		AppStore|iPhoneSimulator = AppStore|iPhoneSimulator
		Debug|Any CPU = Debug|Any CPU
		Debug|iPhone = Debug|iPhone
		Debug|iPhoneSimulator = Debug|iPhoneSimulator
		Release|Any CPU = Release|Any CPU
		Release|iPhone = Release|iPhone
		Release|iPhoneSimulator = Release|iPhoneSimulator
	EndGlobalSection
	GlobalSection(ProjectConfigurationPlatforms) = postSolution
		{0BD27FBF-8B37-45F9-8F65-13D47610DC03}.Ad-Hoc|Any CPU.ActiveCfg = Release|Any CPU
		{0BD27FBF-8B37-45F9-8F65-13D47610DC03}.Ad-Hoc|Any CPU.Build.0 = Release|Any CPU
		{0BD27FBF-8B37-45F9-8F65-13D47610DC03}.Ad-Hoc|Any CPU.Deploy.0 = Release|Any CPU
		{0BD27FBF-8B37-45F9-8F65-13D47610DC03}.Ad-Hoc|iPhone.ActiveCfg = Release|Any CPU
		{0BD27FBF-8B37-45F9-8F65-13D47610DC03}.Ad-Hoc|iPhone.Build.0 = Release|Any CPU
		{0BD27FBF-8B37-45F9-8F65-13D47610DC03}.Ad-Hoc|iPhone.Deploy.0 = Release|Any CPU
		{0BD27FBF-8B37-45F9-8F65-13D47610DC03}.Ad-Hoc|iPhoneSimulator.ActiveCfg = Release|Any CPU
		{0BD27FBF-8B37-45F9-8F65-13D47610DC03}.Ad-Hoc|iPhoneSimulator.Build.0 = Release|Any CPU
		{0BD27FBF-8B37-45F9-8F65-13D47610DC03}.Ad-Hoc|iPhoneSimulator.Deploy.0 = Release|Any CPU
		{0BD27FBF-8B37-45F9-8F65-13D47610DC03}.AppStore|Any CPU.ActiveCfg = Release|Any CPU
		{0BD27FBF-8B37-45F9-8F65-13D47610DC03}.AppStore|Any CPU.Build.0 = Release|Any CPU
		{0BD27FBF-8B37-45F9-8F65-13D47610DC03}.AppStore|Any CPU.Deploy.0 = Release|Any CPU
		{0BD27FBF-8B37-45F9-8F65-13D47610DC03}.AppStore|iPhone.ActiveCfg = Release|Any CPU
		{0BD27FBF-8B37-45F9-8F65-13D47610DC03}.AppStore|iPhone.Build.0 = Release|Any CPU
		{0BD27FBF-8B37-45F9-8F65-13D47610DC03}.AppStore|iPhone.Deploy.0 = Release|Any CPU
		{0BD27FBF-8B37-45F9-8F65-13D47610DC03}.AppStore|iPhoneSimulator.ActiveCfg = Release|Any CPU
		{0BD27FBF-8B37-45F9-8F65-13D47610DC03}.AppStore|iPhoneSimulator.Build.0 = Release|Any CPU
		{0BD27FBF-8B37-45F9-8F65-13D47610DC03}.AppStore|iPhoneSimulator.Deploy.0 = Release|Any CPU
		{0BD27FBF-8B37-45F9-8F65-13D47610DC03}.Debug|Any CPU.ActiveCfg = Debug|Any CPU
		{0BD27FBF-8B37-45F9-8F65-13D47610DC03}.Debug|Any CPU.Build.0 = Debug|Any CPU
		{0BD27FBF-8B37-45F9-8F65-13D47610DC03}.Debug|Any CPU.Deploy.0 = Debug|Any CPU
		{0BD27FBF-8B37-45F9-8F65-13D47610DC03}.Debug|iPhone.ActiveCfg = Debug|Any CPU
		{0BD27FBF-8B37-45F9-8F65-13D47610DC03}.Debug|iPhone.Build.0 = Debug|Any CPU
		{0BD27FBF-8B37-45F9-8F65-13D47610DC03}.Debug|iPhone.Deploy.0 = Debug|Any CPU
		{0BD27FBF-8B37-45F9-8F65-13D47610DC03}.Debug|iPhoneSimulator.ActiveCfg = Debug|Any CPU
		{0BD27FBF-8B37-45F9-8F65-13D47610DC03}.Debug|iPhoneSimulator.Build.0 = Debug|Any CPU
		{0BD27FBF-8B37-45F9-8F65-13D47610DC03}.Debug|iPhoneSimulator.Deploy.0 = Debug|Any CPU
		{0BD27FBF-8B37-45F9-8F65-13D47610DC03}.Release|Any CPU.ActiveCfg = Release|Any CPU
		{0BD27FBF-8B37-45F9-8F65-13D47610DC03}.Release|Any CPU.Build.0 = Release|Any CPU
		{0BD27FBF-8B37-45F9-8F65-13D47610DC03}.Release|Any CPU.Deploy.0 = Release|Any CPU
		{0BD27FBF-8B37-45F9-8F65-13D47610DC03}.Release|iPhone.ActiveCfg = Release|Any CPU
		{0BD27FBF-8B37-45F9-8F65-13D47610DC03}.Release|iPhone.Build.0 = Release|Any CPU
		{0BD27FBF-8B37-45F9-8F65-13D47610DC03}.Release|iPhone.Deploy.0 = Release|Any CPU
		{0BD27FBF-8B37-45F9-8F65-13D47610DC03}.Release|iPhoneSimulator.ActiveCfg = Release|Any CPU
		{0BD27FBF-8B37-45F9-8F65-13D47610DC03}.Release|iPhoneSimulator.Build.0 = Release|Any CPU
		{0BD27FBF-8B37-45F9-8F65-13D47610DC03}.Release|iPhoneSimulator.Deploy.0 = Release|Any CPU
		{F629BA28-E7A8-4405-8DE9-7036C4EF6998}.Ad-Hoc|Any CPU.ActiveCfg = Ad-Hoc|iPhone
		{F629BA28-E7A8-4405-8DE9-7036C4EF6998}.Ad-Hoc|iPhone.ActiveCfg = Ad-Hoc|iPhone
		{F629BA28-E7A8-4405-8DE9-7036C4EF6998}.Ad-Hoc|iPhone.Build.0 = Ad-Hoc|iPhone
		{F629BA28-E7A8-4405-8DE9-7036C4EF6998}.Ad-Hoc|iPhoneSimulator.ActiveCfg = Ad-Hoc|iPhoneSimulator
		{F629BA28-E7A8-4405-8DE9-7036C4EF6998}.Ad-Hoc|iPhoneSimulator.Build.0 = Ad-Hoc|iPhoneSimulator
		{F629BA28-E7A8-4405-8DE9-7036C4EF6998}.AppStore|Any CPU.ActiveCfg = AppStore|iPhone
		{F629BA28-E7A8-4405-8DE9-7036C4EF6998}.AppStore|iPhone.ActiveCfg = AppStore|iPhone
		{F629BA28-E7A8-4405-8DE9-7036C4EF6998}.AppStore|iPhone.Build.0 = AppStore|iPhone
		{F629BA28-E7A8-4405-8DE9-7036C4EF6998}.AppStore|iPhoneSimulator.ActiveCfg = AppStore|iPhoneSimulator
		{F629BA28-E7A8-4405-8DE9-7036C4EF6998}.AppStore|iPhoneSimulator.Build.0 = AppStore|iPhoneSimulator
		{F629BA28-E7A8-4405-8DE9-7036C4EF6998}.Debug|Any CPU.ActiveCfg = Debug|iPhone
		{F629BA28-E7A8-4405-8DE9-7036C4EF6998}.Debug|iPhone.ActiveCfg = Debug|iPhone
		{F629BA28-E7A8-4405-8DE9-7036C4EF6998}.Debug|iPhone.Build.0 = Debug|iPhone
		{F629BA28-E7A8-4405-8DE9-7036C4EF6998}.Debug|iPhoneSimulator.ActiveCfg = Debug|iPhoneSimulator
		{F629BA28-E7A8-4405-8DE9-7036C4EF6998}.Debug|iPhoneSimulator.Build.0 = Debug|iPhoneSimulator
		{F629BA28-E7A8-4405-8DE9-7036C4EF6998}.Release|Any CPU.ActiveCfg = Release|iPhone
		{F629BA28-E7A8-4405-8DE9-7036C4EF6998}.Release|iPhone.ActiveCfg = Release|iPhone
		{F629BA28-E7A8-4405-8DE9-7036C4EF6998}.Release|iPhone.Build.0 = Release|iPhone
		{F629BA28-E7A8-4405-8DE9-7036C4EF6998}.Release|iPhoneSimulator.ActiveCfg = Release|iPhoneSimulator
		{F629BA28-E7A8-4405-8DE9-7036C4EF6998}.Release|iPhoneSimulator.Build.0 = Release|iPhoneSimulator
		{F613AE71-CF76-4EA8-9CEF-64637B9E17C9}.Ad-Hoc|Any CPU.ActiveCfg = Debug|Any CPU
		{F613AE71-CF76-4EA8-9CEF-64637B9E17C9}.Ad-Hoc|Any CPU.Build.0 = Debug|Any CPU
		{F613AE71-CF76-4EA8-9CEF-64637B9E17C9}.Ad-Hoc|iPhone.ActiveCfg = Debug|Any CPU
		{F613AE71-CF76-4EA8-9CEF-64637B9E17C9}.Ad-Hoc|iPhone.Build.0 = Debug|Any CPU
		{F613AE71-CF76-4EA8-9CEF-64637B9E17C9}.Ad-Hoc|iPhoneSimulator.ActiveCfg = Debug|Any CPU
		{F613AE71-CF76-4EA8-9CEF-64637B9E17C9}.Ad-Hoc|iPhoneSimulator.Build.0 = Debug|Any CPU
		{F613AE71-CF76-4EA8-9CEF-64637B9E17C9}.AppStore|Any CPU.ActiveCfg = Debug|Any CPU
		{F613AE71-CF76-4EA8-9CEF-64637B9E17C9}.AppStore|Any CPU.Build.0 = Debug|Any CPU
		{F613AE71-CF76-4EA8-9CEF-64637B9E17C9}.AppStore|iPhone.ActiveCfg = Debug|Any CPU
		{F613AE71-CF76-4EA8-9CEF-64637B9E17C9}.AppStore|iPhone.Build.0 = Debug|Any CPU
		{F613AE71-CF76-4EA8-9CEF-64637B9E17C9}.AppStore|iPhoneSimulator.ActiveCfg = Debug|Any CPU
		{F613AE71-CF76-4EA8-9CEF-64637B9E17C9}.AppStore|iPhoneSimulator.Build.0 = Debug|Any CPU
		{F613AE71-CF76-4EA8-9CEF-64637B9E17C9}.Debug|Any CPU.ActiveCfg = Debug|Any CPU
		{F613AE71-CF76-4EA8-9CEF-64637B9E17C9}.Debug|Any CPU.Build.0 = Debug|Any CPU
		{F613AE71-CF76-4EA8-9CEF-64637B9E17C9}.Debug|iPhone.ActiveCfg = Debug|Any CPU
		{F613AE71-CF76-4EA8-9CEF-64637B9E17C9}.Debug|iPhone.Build.0 = Debug|Any CPU
		{F613AE71-CF76-4EA8-9CEF-64637B9E17C9}.Debug|iPhoneSimulator.ActiveCfg = Debug|Any CPU
		{F613AE71-CF76-4EA8-9CEF-64637B9E17C9}.Debug|iPhoneSimulator.Build.0 = Debug|Any CPU
		{F613AE71-CF76-4EA8-9CEF-64637B9E17C9}.Release|Any CPU.ActiveCfg = Release|Any CPU
		{F613AE71-CF76-4EA8-9CEF-64637B9E17C9}.Release|Any CPU.Build.0 = Release|Any CPU
		{F613AE71-CF76-4EA8-9CEF-64637B9E17C9}.Release|iPhone.ActiveCfg = Release|Any CPU
		{F613AE71-CF76-4EA8-9CEF-64637B9E17C9}.Release|iPhone.Build.0 = Release|Any CPU
		{F613AE71-CF76-4EA8-9CEF-64637B9E17C9}.Release|iPhoneSimulator.ActiveCfg = Release|Any CPU
		{F613AE71-CF76-4EA8-9CEF-64637B9E17C9}.Release|iPhoneSimulator.Build.0 = Release|Any CPU
	EndGlobalSection
	GlobalSection(SolutionProperties) = preSolution
		HideSolutionNode = FALSE
	EndGlobalSection
	GlobalSection(ExtensibilityGlobals) = postSolution
		SolutionGuid = {9C8E2173-1EBD-4129-BDEB-5348C62840C5}
	EndGlobalSection
EndGlobal
